go.etcd.io/bbolt v1.3.6 h1:/ecaJf0sk1l4l6V4awd65v2C3ILy7MSj+s/x1ADCIMU=
go.etcd.io/bbolt v1.3.6/go.mod h1:qXsaaIqmgQH0T+OPdb99Bf+PKfBBQVAdyD6TY9G8XM4=
go.oneofone.dev/oerrs v0.0.0-20210615211935-96b4e22a66db h1:SCX25K3axkR4NrcKyCRWOVjEwUCPkxofItiL0ljT9hY=
go.oneofone.dev/oerrs v0.0.0-20210615211935-96b4e22a66db/go.mod h1:+Ya32G3Q9xMVfjoEzkARsHjWt8RwD8qNA+XHqLe2OxI=
go.oneofone.dev/oerrs v1.0.5 h1:FNVZm239Ji8RX5zGI1V313MkZV3Iay52eQsuR3k/wGs=
go.oneofone.dev/oerrs v1.0.5/go.mod h1:+Ya32G3Q9xMVfjoEzkARsHjWt8RwD8qNA+XHqLe2OxI=
golang.org/x/sys v0.0.0-20200923182605-d9f96fdee20d h1:L/IKR6COd7ubZrs2oTnTi73IhgqJ71c9s80WsQnh0Es=
golang.org/x/sys v0.0.0-20200923182605-d9f96fdee20d/go.mod h1:h1NjWce9XRLGQEsW7wpKNCjG9DtNlClVuFLEZdDNbEs=
golang.org/x/sys v0.0.0-20210820121016-41cdb8703e55 h1:rw6UNGRMfarCepjI8qOepea/SXwIBVfTKjztZ5gBbq4=
golang.org/x/sys v0.0.0-20210820121016-41cdb8703e55/go.mod h1:oPkhp1MJrh7nUepCBck5+mAzfO9JrbApNNgaTdGDITg=
golang.org/x/xerrors v0.0.0-20200804184101-5ec99f83aff1 h1:go1bK/D/BFZV2I8cIQd1NKEZ+0owSTG1fDTci4IqFcE=
golang.org/x/xerrors v0.0.0-20200804184101-5ec99f83aff1/go.mod h1:I/5z698sn9Ka8TeJc9MKroUUfqBBauWjQqLJ2OPfmY0=
